
Microsoft Visual Studio Solution File, Format Version 12.00
# Visual Studio Version 17
VisualStudioVersion = 17.0.31903.59
MinimumVisualStudioVersion = 10.0.40219.1
Project("{2150E333-8FDC-42A3-9474-1A3956D46DE8}") = "src", "src", "{827E0CD3-B72D-47B6-A68D-7590B98EB39B}"
EndProject
Project("{FAE04EC0-301F-11D3-BF4B-00C04F79EFBC}") = "CodeJudge.API", "src\CodeJudge.API\CodeJudge.API.csproj", "{1957818B-88BB-4515-A4C1-FF997CEE0E8F}"
EndProject
Project("{FAE04EC0-301F-11D3-BF4B-00C04F79EFBC}") = "CodeJudge.Application", "src\CodeJudge.Application\CodeJudge.Application.csproj", "{B7FBE9EC-0560-498E-A8D4-516B2788CCE1}"
EndProject
Project("{FAE04EC0-301F-11D3-BF4B-00C04F79EFBC}") = "CodeJudge.Domain", "src\CodeJudge.Domain\CodeJudge.Domain.csproj", "{DE84A884-3865-4CA6-A4EB-35458B67EB4B}"
EndProject
Project("{FAE04EC0-301F-11D3-BF4B-00C04F79EFBC}") = "CodeJudge.Infrastructure", "src\CodeJudge.Infrastructure\CodeJudge.Infrastructure.csproj", "{CF3FBA7B-8E76-43F3-AA58-3D9C2667FDAB}"
EndProject
Global
	GlobalSection(SolutionConfigurationPlatforms) = preSolution
		Debug|Any CPU = Debug|Any CPU
		Debug|x64 = Debug|x64
		Debug|x86 = Debug|x86
		Release|Any CPU = Release|Any CPU
		Release|x64 = Release|x64
		Release|x86 = Release|x86
	EndGlobalSection
	GlobalSection(ProjectConfigurationPlatforms) = postSolution
		{1957818B-88BB-4515-A4C1-FF997CEE0E8F}.Debug|Any CPU.ActiveCfg = Debug|Any CPU
		{1957818B-88BB-4515-A4C1-FF997CEE0E8F}.Debug|Any CPU.Build.0 = Debug|Any CPU
		{1957818B-88BB-4515-A4C1-FF997CEE0E8F}.Debug|x64.ActiveCfg = Debug|Any CPU
		{1957818B-88BB-4515-A4C1-FF997CEE0E8F}.Debug|x64.Build.0 = Debug|Any CPU
		{1957818B-88BB-4515-A4C1-FF997CEE0E8F}.Debug|x86.ActiveCfg = Debug|Any CPU
		{1957818B-88BB-4515-A4C1-FF997CEE0E8F}.Debug|x86.Build.0 = Debug|Any CPU
		{1957818B-88BB-4515-A4C1-FF997CEE0E8F}.Release|Any CPU.ActiveCfg = Release|Any CPU
		{1957818B-88BB-4515-A4C1-FF997CEE0E8F}.Release|Any CPU.Build.0 = Release|Any CPU
		{1957818B-88BB-4515-A4C1-FF997CEE0E8F}.Release|x64.ActiveCfg = Release|Any CPU
		{1957818B-88BB-4515-A4C1-FF997CEE0E8F}.Release|x64.Build.0 = Release|Any CPU
		{1957818B-88BB-4515-A4C1-FF997CEE0E8F}.Release|x86.ActiveCfg = Release|Any CPU
		{1957818B-88BB-4515-A4C1-FF997CEE0E8F}.Release|x86.Build.0 = Release|Any CPU
		{B7FBE9EC-0560-498E-A8D4-516B2788CCE1}.Debug|Any CPU.ActiveCfg = Debug|Any CPU
		{B7FBE9EC-0560-498E-A8D4-516B2788CCE1}.Debug|Any CPU.Build.0 = Debug|Any CPU
		{B7FBE9EC-0560-498E-A8D4-516B2788CCE1}.Debug|x64.ActiveCfg = Debug|Any CPU
		{B7FBE9EC-0560-498E-A8D4-516B2788CCE1}.Debug|x64.Build.0 = Debug|Any CPU
		{B7FBE9EC-0560-498E-A8D4-516B2788CCE1}.Debug|x86.ActiveCfg = Debug|Any CPU
		{B7FBE9EC-0560-498E-A8D4-516B2788CCE1}.Debug|x86.Build.0 = Debug|Any CPU
		{B7FBE9EC-0560-498E-A8D4-516B2788CCE1}.Release|Any CPU.ActiveCfg = Release|Any CPU
		{B7FBE9EC-0560-498E-A8D4-516B2788CCE1}.Release|Any CPU.Build.0 = Release|Any CPU
		{B7FBE9EC-0560-498E-A8D4-516B2788CCE1}.Release|x64.ActiveCfg = Release|Any CPU
		{B7FBE9EC-0560-498E-A8D4-516B2788CCE1}.Release|x64.Build.0 = Release|Any CPU
		{B7FBE9EC-0560-498E-A8D4-516B2788CCE1}.Release|x86.ActiveCfg = Release|Any CPU
		{B7FBE9EC-0560-498E-A8D4-516B2788CCE1}.Release|x86.Build.0 = Release|Any CPU
		{DE84A884-3865-4CA6-A4EB-35458B67EB4B}.Debug|Any CPU.ActiveCfg = Debug|Any CPU
		{DE84A884-3865-4CA6-A4EB-35458B67EB4B}.Debug|Any CPU.Build.0 = Debug|Any CPU
		{DE84A884-3865-4CA6-A4EB-35458B67EB4B}.Debug|x64.ActiveCfg = Debug|Any CPU
		{DE84A884-3865-4CA6-A4EB-35458B67EB4B}.Debug|x64.Build.0 = Debug|Any CPU
		{DE84A884-3865-4CA6-A4EB-35458B67EB4B}.Debug|x86.ActiveCfg = Debug|Any CPU
		{DE84A884-3865-4CA6-A4EB-35458B67EB4B}.Debug|x86.Build.0 = Debug|Any CPU
		{DE84A884-3865-4CA6-A4EB-35458B67EB4B}.Release|Any CPU.ActiveCfg = Release|Any CPU
		{DE84A884-3865-4CA6-A4EB-35458B67EB4B}.Release|Any CPU.Build.0 = Release|Any CPU
		{DE84A884-3865-4CA6-A4EB-35458B67EB4B}.Release|x64.ActiveCfg = Release|Any CPU
		{DE84A884-3865-4CA6-A4EB-35458B67EB4B}.Release|x64.Build.0 = Release|Any CPU
		{DE84A884-3865-4CA6-A4EB-35458B67EB4B}.Release|x86.ActiveCfg = Release|Any CPU
		{DE84A884-3865-4CA6-A4EB-35458B67EB4B}.Release|x86.Build.0 = Release|Any CPU
		{CF3FBA7B-8E76-43F3-AA58-3D9C2667FDAB}.Debug|Any CPU.ActiveCfg = Debug|Any CPU
		{CF3FBA7B-8E76-43F3-AA58-3D9C2667FDAB}.Debug|Any CPU.Build.0 = Debug|Any CPU
		{CF3FBA7B-8E76-43F3-AA58-3D9C2667FDAB}.Debug|x64.ActiveCfg = Debug|Any CPU
		{CF3FBA7B-8E76-43F3-AA58-3D9C2667FDAB}.Debug|x64.Build.0 = Debug|Any CPU
		{CF3FBA7B-8E76-43F3-AA58-3D9C2667FDAB}.Debug|x86.ActiveCfg = Debug|Any CPU
		{CF3FBA7B-8E76-43F3-AA58-3D9C2667FDAB}.Debug|x86.Build.0 = Debug|Any CPU
		{CF3FBA7B-8E76-43F3-AA58-3D9C2667FDAB}.Release|Any CPU.ActiveCfg = Release|Any CPU
		{CF3FBA7B-8E76-43F3-AA58-3D9C2667FDAB}.Release|Any CPU.Build.0 = Release|Any CPU
		{CF3FBA7B-8E76-43F3-AA58-3D9C2667FDAB}.Release|x64.ActiveCfg = Release|Any CPU
		{CF3FBA7B-8E76-43F3-AA58-3D9C2667FDAB}.Release|x64.Build.0 = Release|Any CPU
		{CF3FBA7B-8E76-43F3-AA58-3D9C2667FDAB}.Release|x86.ActiveCfg = Release|Any CPU
		{CF3FBA7B-8E76-43F3-AA58-3D9C2667FDAB}.Release|x86.Build.0 = Release|Any CPU
	EndGlobalSection
	GlobalSection(SolutionProperties) = preSolution
		HideSolutionNode = FALSE
	EndGlobalSection
	GlobalSection(NestedProjects) = preSolution
		{1957818B-88BB-4515-A4C1-FF997CEE0E8F} = {827E0CD3-B72D-47B6-A68D-7590B98EB39B}
		{B7FBE9EC-0560-498E-A8D4-516B2788CCE1} = {827E0CD3-B72D-47B6-A68D-7590B98EB39B}
		{DE84A884-3865-4CA6-A4EB-35458B67EB4B} = {827E0CD3-B72D-47B6-A68D-7590B98EB39B}
		{CF3FBA7B-8E76-43F3-AA58-3D9C2667FDAB} = {827E0CD3-B72D-47B6-A68D-7590B98EB39B}
	EndGlobalSection
EndGlobal
